{
  "object": {
    "pins": [
      {
        "package": "Alamofire",
        "repositoryURL": "https://github.com/Alamofire/Alamofire",
        "state": {
          "branch": "master",
          "revision": "3e5fc5d8ae939b655929a0edd60d3bb70f38027f",
          "version": null
        }
      },
      {
        "package": "Kingfisher",
        "repositoryURL": "https://github.com/onevcat/Kingfisher.git",
        "state": {
          "branch": "master",
          "revision": "15dde451f97a8ae18ea4f94969b7c8546f034b37",
          "version": null
        }
      },
      {
        "package": "RxSwift",
        "repositoryURL": "https://github.com/reactivex/rxswift.git",
        "state": {
          "branch": "main",
          "revision": "b4307ba0b6425c0ba4178e138799946c3da594f8",
          "version": null
        }
      },
      {
        "package": "SnapKit",
        "repositoryURL": "https://github.com/snapkit/snapkit.git",
        "state": {
          "branch": "develop",
          "revision": "466db39ee4ef32b0f7c8cd9f009aaf42f80beace",
          "version": null
        }
      },
      {
        "package": "Then",
        "repositoryURL": "https://github.com/devxoul/Then",
        "state": {
          "branch": "master",
          "revision": "e421a7b3440a271834337694e6050133a3958bc7",
          "version": null
        }
      }
    ]
  },
  "version": 1
}
