// !$*UTF8*$!
{
	archiveVersion = 1;
	classes = {
	};
	objectVersion = 55;
	objects = {

/* Begin PBXBuildFile section */
		48256CD82799722E008F2AD1 /* ExchangeViewModel.swift in Sources */ = {isa = PBXBuildFile; fileRef = 48256CD72799722E008F2AD1 /* ExchangeViewModel.swift */; };
		48256CDA27997246008F2AD1 /* ExchangeUseCase.swift in Sources */ = {isa = PBXBuildFile; fileRef = 48256CD927997246008F2AD1 /* ExchangeUseCase.swift */; };
		48256CDC27997267008F2AD1 /* ExchangeSearchBar.swift in Sources */ = {isa = PBXBuildFile; fileRef = 48256CDB27997267008F2AD1 /* ExchangeSearchBar.swift */; };
		48256CDE2799727D008F2AD1 /* ExchangeSearchBarViewModel.swift in Sources */ = {isa = PBXBuildFile; fileRef = 48256CDD2799727D008F2AD1 /* ExchangeSearchBarViewModel.swift */; };
		48256CE02799728C008F2AD1 /* CoinListView.swift in Sources */ = {isa = PBXBuildFile; fileRef = 48256CDF2799728C008F2AD1 /* CoinListView.swift */; };
		48256CE227997298008F2AD1 /* CoinListViewModel.swift in Sources */ = {isa = PBXBuildFile; fileRef = 48256CE127997298008F2AD1 /* CoinListViewModel.swift */; };
		48256CE4279972AA008F2AD1 /* CoinListViewCell.swift in Sources */ = {isa = PBXBuildFile; fileRef = 48256CE3279972AA008F2AD1 /* CoinListViewCell.swift */; };
		48256CE72799732E008F2AD1 /* NetworkManager.swift in Sources */ = {isa = PBXBuildFile; fileRef = 48256CE62799732E008F2AD1 /* NetworkManager.swift */; };
		4865371D27A69DB300BEBBB3 /* SegmentedCategoryViewModel.swift in Sources */ = {isa = PBXBuildFile; fileRef = 4865371C27A69DB300BEBBB3 /* SegmentedCategoryViewModel.swift */; };
		4865372027A6CC0000BEBBB3 /* SegmentedCategoryViewTests.swift in Sources */ = {isa = PBXBuildFile; fileRef = 4865371F27A6CC0000BEBBB3 /* SegmentedCategoryViewTests.swift */; };
		4881F42927979E6600472C90 /* ExchangeViewController.swift in Sources */ = {isa = PBXBuildFile; fileRef = 4881F42827979E6600472C90 /* ExchangeViewController.swift */; };
		4881F42E2797A1C400472C90 /* ProductServiceViewController.swift in Sources */ = {isa = PBXBuildFile; fileRef = 4881F42D2797A1C400472C90 /* ProductServiceViewController.swift */; };
		4881F4302797A22200472C90 /* CurrentAssetViewController.swift in Sources */ = {isa = PBXBuildFile; fileRef = 4881F42F2797A22200472C90 /* CurrentAssetViewController.swift */; };
		4881F4342797A29900472C90 /* TransactionViewController.swift in Sources */ = {isa = PBXBuildFile; fileRef = 4881F4332797A29900472C90 /* TransactionViewController.swift */; };
		4881F4362797A2B800472C90 /* MoreOptionViewController.swift in Sources */ = {isa = PBXBuildFile; fileRef = 4881F4352797A2B800472C90 /* MoreOptionViewController.swift */; };
		4882FA6F279D288100A25880 /* Currency.swift in Sources */ = {isa = PBXBuildFile; fileRef = 4882FA6E279D288100A25880 /* Currency.swift */; };
		4885375427A38EA300BE00FD /* Coordinator.swift in Sources */ = {isa = PBXBuildFile; fileRef = 4885375327A38EA300BE00FD /* Coordinator.swift */; };
		4885375627A3CFF800BE00FD /* AppCoordinator.swift in Sources */ = {isa = PBXBuildFile; fileRef = 4885375527A3CFF800BE00FD /* AppCoordinator.swift */; };
		4885375827A3D1F500BE00FD /* ExchangeCoordinator.swift in Sources */ = {isa = PBXBuildFile; fileRef = 4885375727A3D1F500BE00FD /* ExchangeCoordinator.swift */; };
		4885375A27A3D88400BE00FD /* ProductServiceCoordinator.swift in Sources */ = {isa = PBXBuildFile; fileRef = 4885375927A3D88400BE00FD /* ProductServiceCoordinator.swift */; };
		4885375C27A3D90E00BE00FD /* CurrentAssetCoordinator.swift in Sources */ = {isa = PBXBuildFile; fileRef = 4885375B27A3D90E00BE00FD /* CurrentAssetCoordinator.swift */; };
		4885375E27A3D91D00BE00FD /* TransactionCoordinator.swift in Sources */ = {isa = PBXBuildFile; fileRef = 4885375D27A3D91D00BE00FD /* TransactionCoordinator.swift */; };
		4885376027A3D92800BE00FD /* MoreOptionCoordinator.swift in Sources */ = {isa = PBXBuildFile; fileRef = 4885375F27A3D92800BE00FD /* MoreOptionCoordinator.swift */; };
		4885376327A40E3600BE00FD /* CoinDetailViewController.swift in Sources */ = {isa = PBXBuildFile; fileRef = 4885376227A40E3600BE00FD /* CoinDetailViewController.swift */; };
		4885376527A40E4000BE00FD /* CoinDetailCoordinator.swift in Sources */ = {isa = PBXBuildFile; fileRef = 4885376427A40E4000BE00FD /* CoinDetailCoordinator.swift */; };
		488F9E7C279BA68F0021A545 /* AllTickerResponse.swift in Sources */ = {isa = PBXBuildFile; fileRef = 488F9E7B279BA68E0021A545 /* AllTickerResponse.swift */; };
		488F9E81279BA8020021A545 /* ExchangeSearchBarViewModelTests.swift in Sources */ = {isa = PBXBuildFile; fileRef = 488F9E80279BA8020021A545 /* ExchangeSearchBarViewModelTests.swift */; };
		489FB61E279BF10B0078AEE1 /* NetworkRequestRouter.swift in Sources */ = {isa = PBXBuildFile; fileRef = 489FB61D279BF10B0078AEE1 /* NetworkRequestRouter.swift */; };
		489FB622279C29D20078AEE1 /* NetworkManagerTests.swift in Sources */ = {isa = PBXBuildFile; fileRef = 489FB621279C29D20078AEE1 /* NetworkManagerTests.swift */; };
		489FB624279C43F10078AEE1 /* BithumbNetworkError.swift in Sources */ = {isa = PBXBuildFile; fileRef = 489FB623279C43F10078AEE1 /* BithumbNetworkError.swift */; };
		48A49ECF27A9772000DF5124 /* SocketTickerResponse.swift in Sources */ = {isa = PBXBuildFile; fileRef = 48A49ECE27A9772000DF5124 /* SocketTickerResponse.swift */; };
		48AD306F27A974F100278D7A /* WebSocketManager.swift in Sources */ = {isa = PBXBuildFile; fileRef = 48AD306E27A974F000278D7A /* WebSocketManager.swift */; };
		48B60E48279F923A000534EC /* ExchangeUseCaseTests.swift in Sources */ = {isa = PBXBuildFile; fileRef = 48B60E47279F923A000534EC /* ExchangeUseCaseTests.swift */; };
		48B60E4C279FBF3B000534EC /* TickerResponse.swift in Sources */ = {isa = PBXBuildFile; fileRef = 48B60E4B279FBF3B000534EC /* TickerResponse.swift */; };
		48B60E5227A035F2000534EC /* ExchangeUseCaseSpy.swift in Sources */ = {isa = PBXBuildFile; fileRef = 48B60E5127A035F2000534EC /* ExchangeUseCaseSpy.swift */; };
		48B60E5427A036C0000534EC /* ExchangeViewModelTests.swift in Sources */ = {isa = PBXBuildFile; fileRef = 48B60E5327A036C0000534EC /* ExchangeViewModelTests.swift */; };
		48C7E8F3279E79E5003C4B25 /* CoinListViewCellData.swift in Sources */ = {isa = PBXBuildFile; fileRef = 48C7E8F2279E79E5003C4B25 /* CoinListViewCellData.swift */; };
		48FDCFFC279541E2002F0050 /* AppDelegate.swift in Sources */ = {isa = PBXBuildFile; fileRef = 48FDCFFB279541E2002F0050 /* AppDelegate.swift */; };
		48FDCFFE279541E2002F0050 /* SceneDelegate.swift in Sources */ = {isa = PBXBuildFile; fileRef = 48FDCFFD279541E2002F0050 /* SceneDelegate.swift */; };
		48FDD005279541E4002F0050 /* Assets.xcassets in Resources */ = {isa = PBXBuildFile; fileRef = 48FDD004279541E4002F0050 /* Assets.xcassets */; };
		48FDD008279541E4002F0050 /* LaunchScreen.storyboard in Resources */ = {isa = PBXBuildFile; fileRef = 48FDD006279541E4002F0050 /* LaunchScreen.storyboard */; };
		48FDD013279541E4002F0050 /* BithumbTests.swift in Sources */ = {isa = PBXBuildFile; fileRef = 48FDD012279541E4002F0050 /* BithumbTests.swift */; };
		48FDD01D279541E4002F0050 /* BithumbUITests.swift in Sources */ = {isa = PBXBuildFile; fileRef = 48FDD01C279541E4002F0050 /* BithumbUITests.swift */; };
		48FDD01F279541E4002F0050 /* BithumbUITestsLaunchTests.swift in Sources */ = {isa = PBXBuildFile; fileRef = 48FDD01E279541E4002F0050 /* BithumbUITestsLaunchTests.swift */; };
		6C6755D0D77E50E4E4F23A6B /* Pods_BithumbTests.framework in Frameworks */ = {isa = PBXBuildFile; fileRef = 26EF170BEFCCD8D7B5FAADDC /* Pods_BithumbTests.framework */; };
		AECFA866C0A5ED5A74EF7698 /* Pods_Bithumb_BithumbUITests.framework in Frameworks */ = {isa = PBXBuildFile; fileRef = C3E678E6A65670DF362AEC9A /* Pods_Bithumb_BithumbUITests.framework */; };
		B4A8E115279AD60B00A2BFCD /* UIColor + Ext.swift in Sources */ = {isa = PBXBuildFile; fileRef = B4A8E114279AD60B00A2BFCD /* UIColor + Ext.swift */; };
		B4A8E118279BF15D00A2BFCD /* SegmentedCategoryView.swift in Sources */ = {isa = PBXBuildFile; fileRef = B4A8E117279BF15D00A2BFCD /* SegmentedCategoryView.swift */; };
		B4A8E11A279D286200A2BFCD /* UISegmentedControl + Ext.swift in Sources */ = {isa = PBXBuildFile; fileRef = B4A8E119279D286200A2BFCD /* UISegmentedControl + Ext.swift */; };
		C3D0EF4227A1902100A5E4BE /* String + Ext.swift in Sources */ = {isa = PBXBuildFile; fileRef = C3D0EF4127A1902000A5E4BE /* String + Ext.swift */; };
		F19014D04656742DAD3CEE42 /* Pods_Bithumb.framework in Frameworks */ = {isa = PBXBuildFile; fileRef = 57327AFB9F622280BD99C397 /* Pods_Bithumb.framework */; };
/* End PBXBuildFile section */

/* Begin PBXContainerItemProxy section */
		48FDD00F279541E4002F0050 /* PBXContainerItemProxy */ = {
			isa = PBXContainerItemProxy;
			containerPortal = 48FDCFF0279541E2002F0050 /* Project object */;
			proxyType = 1;
			remoteGlobalIDString = 48FDCFF7279541E2002F0050;
			remoteInfo = Bithumb;
		};
		48FDD019279541E4002F0050 /* PBXContainerItemProxy */ = {
			isa = PBXContainerItemProxy;
			containerPortal = 48FDCFF0279541E2002F0050 /* Project object */;
			proxyType = 1;
			remoteGlobalIDString = 48FDCFF7279541E2002F0050;
			remoteInfo = Bithumb;
		};
/* End PBXContainerItemProxy section */

/* Begin PBXFileReference section */
		114D3A1E134DE0667AC5648F /* Pods-Bithumb-BithumbUITests.release.xcconfig */ = {isa = PBXFileReference; includeInIndex = 1; lastKnownFileType = text.xcconfig; name = "Pods-Bithumb-BithumbUITests.release.xcconfig"; path = "Target Support Files/Pods-Bithumb-BithumbUITests/Pods-Bithumb-BithumbUITests.release.xcconfig"; sourceTree = "<group>"; };
		26EF170BEFCCD8D7B5FAADDC /* Pods_BithumbTests.framework */ = {isa = PBXFileReference; explicitFileType = wrapper.framework; includeInIndex = 0; path = Pods_BithumbTests.framework; sourceTree = BUILT_PRODUCTS_DIR; };
		41725A19228DD05069A43D6B /* Pods-BithumbTests.debug.xcconfig */ = {isa = PBXFileReference; includeInIndex = 1; lastKnownFileType = text.xcconfig; name = "Pods-BithumbTests.debug.xcconfig"; path = "Target Support Files/Pods-BithumbTests/Pods-BithumbTests.debug.xcconfig"; sourceTree = "<group>"; };
		48256CD72799722E008F2AD1 /* ExchangeViewModel.swift */ = {isa = PBXFileReference; lastKnownFileType = sourcecode.swift; path = ExchangeViewModel.swift; sourceTree = "<group>"; };
		48256CD927997246008F2AD1 /* ExchangeUseCase.swift */ = {isa = PBXFileReference; lastKnownFileType = sourcecode.swift; path = ExchangeUseCase.swift; sourceTree = "<group>"; };
		48256CDB27997267008F2AD1 /* ExchangeSearchBar.swift */ = {isa = PBXFileReference; indentWidth = 2; lastKnownFileType = sourcecode.swift; path = ExchangeSearchBar.swift; sourceTree = "<group>"; tabWidth = 2; };
		48256CDD2799727D008F2AD1 /* ExchangeSearchBarViewModel.swift */ = {isa = PBXFileReference; lastKnownFileType = sourcecode.swift; path = ExchangeSearchBarViewModel.swift; sourceTree = "<group>"; };
		48256CDF2799728C008F2AD1 /* CoinListView.swift */ = {isa = PBXFileReference; lastKnownFileType = sourcecode.swift; path = CoinListView.swift; sourceTree = "<group>"; };
		48256CE127997298008F2AD1 /* CoinListViewModel.swift */ = {isa = PBXFileReference; lastKnownFileType = sourcecode.swift; path = CoinListViewModel.swift; sourceTree = "<group>"; };
		48256CE3279972AA008F2AD1 /* CoinListViewCell.swift */ = {isa = PBXFileReference; lastKnownFileType = sourcecode.swift; path = CoinListViewCell.swift; sourceTree = "<group>"; };
		48256CE62799732E008F2AD1 /* NetworkManager.swift */ = {isa = PBXFileReference; lastKnownFileType = sourcecode.swift; path = NetworkManager.swift; sourceTree = "<group>"; };
		4865371C27A69DB300BEBBB3 /* SegmentedCategoryViewModel.swift */ = {isa = PBXFileReference; lastKnownFileType = sourcecode.swift; path = SegmentedCategoryViewModel.swift; sourceTree = "<group>"; };
		4865371F27A6CC0000BEBBB3 /* SegmentedCategoryViewTests.swift */ = {isa = PBXFileReference; lastKnownFileType = sourcecode.swift; path = SegmentedCategoryViewTests.swift; sourceTree = "<group>"; };
		4881F42827979E6600472C90 /* ExchangeViewController.swift */ = {isa = PBXFileReference; indentWidth = 2; lastKnownFileType = sourcecode.swift; path = ExchangeViewController.swift; sourceTree = "<group>"; tabWidth = 2; };
		4881F42D2797A1C400472C90 /* ProductServiceViewController.swift */ = {isa = PBXFileReference; lastKnownFileType = sourcecode.swift; path = ProductServiceViewController.swift; sourceTree = "<group>"; };
		4881F42F2797A22200472C90 /* CurrentAssetViewController.swift */ = {isa = PBXFileReference; lastKnownFileType = sourcecode.swift; path = CurrentAssetViewController.swift; sourceTree = "<group>"; };
		4881F4332797A29900472C90 /* TransactionViewController.swift */ = {isa = PBXFileReference; lastKnownFileType = sourcecode.swift; path = TransactionViewController.swift; sourceTree = "<group>"; };
		4881F4352797A2B800472C90 /* MoreOptionViewController.swift */ = {isa = PBXFileReference; lastKnownFileType = sourcecode.swift; path = MoreOptionViewController.swift; sourceTree = "<group>"; };
		4882FA6E279D288100A25880 /* Currency.swift */ = {isa = PBXFileReference; lastKnownFileType = sourcecode.swift; path = Currency.swift; sourceTree = "<group>"; };
		4885375327A38EA300BE00FD /* Coordinator.swift */ = {isa = PBXFileReference; lastKnownFileType = sourcecode.swift; path = Coordinator.swift; sourceTree = "<group>"; };
		4885375527A3CFF800BE00FD /* AppCoordinator.swift */ = {isa = PBXFileReference; lastKnownFileType = sourcecode.swift; path = AppCoordinator.swift; sourceTree = "<group>"; };
		4885375727A3D1F500BE00FD /* ExchangeCoordinator.swift */ = {isa = PBXFileReference; lastKnownFileType = sourcecode.swift; path = ExchangeCoordinator.swift; sourceTree = "<group>"; };
		4885375927A3D88400BE00FD /* ProductServiceCoordinator.swift */ = {isa = PBXFileReference; lastKnownFileType = sourcecode.swift; path = ProductServiceCoordinator.swift; sourceTree = "<group>"; };
		4885375B27A3D90E00BE00FD /* CurrentAssetCoordinator.swift */ = {isa = PBXFileReference; lastKnownFileType = sourcecode.swift; path = CurrentAssetCoordinator.swift; sourceTree = "<group>"; };
		4885375D27A3D91D00BE00FD /* TransactionCoordinator.swift */ = {isa = PBXFileReference; lastKnownFileType = sourcecode.swift; path = TransactionCoordinator.swift; sourceTree = "<group>"; };
		4885375F27A3D92800BE00FD /* MoreOptionCoordinator.swift */ = {isa = PBXFileReference; lastKnownFileType = sourcecode.swift; path = MoreOptionCoordinator.swift; sourceTree = "<group>"; };
		4885376227A40E3600BE00FD /* CoinDetailViewController.swift */ = {isa = PBXFileReference; lastKnownFileType = sourcecode.swift; path = CoinDetailViewController.swift; sourceTree = "<group>"; };
		4885376427A40E4000BE00FD /* CoinDetailCoordinator.swift */ = {isa = PBXFileReference; lastKnownFileType = sourcecode.swift; path = CoinDetailCoordinator.swift; sourceTree = "<group>"; };
		488F9E7B279BA68E0021A545 /* AllTickerResponse.swift */ = {isa = PBXFileReference; lastKnownFileType = sourcecode.swift; path = AllTickerResponse.swift; sourceTree = "<group>"; };
		488F9E80279BA8020021A545 /* ExchangeSearchBarViewModelTests.swift */ = {isa = PBXFileReference; lastKnownFileType = sourcecode.swift; path = ExchangeSearchBarViewModelTests.swift; sourceTree = "<group>"; };
		489FB61D279BF10B0078AEE1 /* NetworkRequestRouter.swift */ = {isa = PBXFileReference; lastKnownFileType = sourcecode.swift; path = NetworkRequestRouter.swift; sourceTree = "<group>"; };
		489FB621279C29D20078AEE1 /* NetworkManagerTests.swift */ = {isa = PBXFileReference; lastKnownFileType = sourcecode.swift; path = NetworkManagerTests.swift; sourceTree = "<group>"; };
		489FB623279C43F10078AEE1 /* BithumbNetworkError.swift */ = {isa = PBXFileReference; lastKnownFileType = sourcecode.swift; path = BithumbNetworkError.swift; sourceTree = "<group>"; };
		48A49ECE27A9772000DF5124 /* SocketTickerResponse.swift */ = {isa = PBXFileReference; lastKnownFileType = sourcecode.swift; path = SocketTickerResponse.swift; sourceTree = "<group>"; };
		48AD306E27A974F000278D7A /* WebSocketManager.swift */ = {isa = PBXFileReference; lastKnownFileType = sourcecode.swift; path = WebSocketManager.swift; sourceTree = "<group>"; };
		48B60E47279F923A000534EC /* ExchangeUseCaseTests.swift */ = {isa = PBXFileReference; lastKnownFileType = sourcecode.swift; path = ExchangeUseCaseTests.swift; sourceTree = "<group>"; };
		48B60E4B279FBF3B000534EC /* TickerResponse.swift */ = {isa = PBXFileReference; lastKnownFileType = sourcecode.swift; path = TickerResponse.swift; sourceTree = "<group>"; };
		48B60E5127A035F2000534EC /* ExchangeUseCaseSpy.swift */ = {isa = PBXFileReference; lastKnownFileType = sourcecode.swift; path = ExchangeUseCaseSpy.swift; sourceTree = "<group>"; };
		48B60E5327A036C0000534EC /* ExchangeViewModelTests.swift */ = {isa = PBXFileReference; lastKnownFileType = sourcecode.swift; path = ExchangeViewModelTests.swift; sourceTree = "<group>"; };
		48C7E8F2279E79E5003C4B25 /* CoinListViewCellData.swift */ = {isa = PBXFileReference; lastKnownFileType = sourcecode.swift; path = CoinListViewCellData.swift; sourceTree = "<group>"; };
		48FDCFF8279541E2002F0050 /* Bithumb.app */ = {isa = PBXFileReference; explicitFileType = wrapper.application; includeInIndex = 0; path = Bithumb.app; sourceTree = BUILT_PRODUCTS_DIR; };
		48FDCFFB279541E2002F0050 /* AppDelegate.swift */ = {isa = PBXFileReference; lastKnownFileType = sourcecode.swift; path = AppDelegate.swift; sourceTree = "<group>"; };
		48FDCFFD279541E2002F0050 /* SceneDelegate.swift */ = {isa = PBXFileReference; lastKnownFileType = sourcecode.swift; path = SceneDelegate.swift; sourceTree = "<group>"; };
		48FDD004279541E4002F0050 /* Assets.xcassets */ = {isa = PBXFileReference; lastKnownFileType = folder.assetcatalog; path = Assets.xcassets; sourceTree = "<group>"; };
		48FDD007279541E4002F0050 /* Base */ = {isa = PBXFileReference; lastKnownFileType = file.storyboard; name = Base; path = Base.lproj/LaunchScreen.storyboard; sourceTree = "<group>"; };
		48FDD009279541E4002F0050 /* Info.plist */ = {isa = PBXFileReference; lastKnownFileType = text.plist.xml; path = Info.plist; sourceTree = "<group>"; };
		48FDD00E279541E4002F0050 /* BithumbTests.xctest */ = {isa = PBXFileReference; explicitFileType = wrapper.cfbundle; includeInIndex = 0; path = BithumbTests.xctest; sourceTree = BUILT_PRODUCTS_DIR; };
		48FDD012279541E4002F0050 /* BithumbTests.swift */ = {isa = PBXFileReference; lastKnownFileType = sourcecode.swift; path = BithumbTests.swift; sourceTree = "<group>"; };
		48FDD018279541E4002F0050 /* BithumbUITests.xctest */ = {isa = PBXFileReference; explicitFileType = wrapper.cfbundle; includeInIndex = 0; path = BithumbUITests.xctest; sourceTree = BUILT_PRODUCTS_DIR; };
		48FDD01C279541E4002F0050 /* BithumbUITests.swift */ = {isa = PBXFileReference; lastKnownFileType = sourcecode.swift; path = BithumbUITests.swift; sourceTree = "<group>"; };
		48FDD01E279541E4002F0050 /* BithumbUITestsLaunchTests.swift */ = {isa = PBXFileReference; lastKnownFileType = sourcecode.swift; path = BithumbUITestsLaunchTests.swift; sourceTree = "<group>"; };
		4B826CECF0BAC99F29B8B716 /* Pods-Bithumb.release.xcconfig */ = {isa = PBXFileReference; includeInIndex = 1; lastKnownFileType = text.xcconfig; name = "Pods-Bithumb.release.xcconfig"; path = "Target Support Files/Pods-Bithumb/Pods-Bithumb.release.xcconfig"; sourceTree = "<group>"; };
		57327AFB9F622280BD99C397 /* Pods_Bithumb.framework */ = {isa = PBXFileReference; explicitFileType = wrapper.framework; includeInIndex = 0; path = Pods_Bithumb.framework; sourceTree = BUILT_PRODUCTS_DIR; };
		6C458E072B175DDD2D261FA3 /* Pods-Bithumb-BithumbUITests.debug.xcconfig */ = {isa = PBXFileReference; includeInIndex = 1; lastKnownFileType = text.xcconfig; name = "Pods-Bithumb-BithumbUITests.debug.xcconfig"; path = "Target Support Files/Pods-Bithumb-BithumbUITests/Pods-Bithumb-BithumbUITests.debug.xcconfig"; sourceTree = "<group>"; };
		B4A8E114279AD60B00A2BFCD /* UIColor + Ext.swift */ = {isa = PBXFileReference; lastKnownFileType = sourcecode.swift; path = "UIColor + Ext.swift"; sourceTree = "<group>"; };
		B4A8E117279BF15D00A2BFCD /* SegmentedCategoryView.swift */ = {isa = PBXFileReference; indentWidth = 2; lastKnownFileType = sourcecode.swift; path = SegmentedCategoryView.swift; sourceTree = "<group>"; tabWidth = 2; };
		B4A8E119279D286200A2BFCD /* UISegmentedControl + Ext.swift */ = {isa = PBXFileReference; indentWidth = 2; lastKnownFileType = sourcecode.swift; path = "UISegmentedControl + Ext.swift"; sourceTree = "<group>"; tabWidth = 2; };
		C3D0EF4127A1902000A5E4BE /* String + Ext.swift */ = {isa = PBXFileReference; lastKnownFileType = sourcecode.swift; path = "String + Ext.swift"; sourceTree = "<group>"; };
		C3E678E6A65670DF362AEC9A /* Pods_Bithumb_BithumbUITests.framework */ = {isa = PBXFileReference; explicitFileType = wrapper.framework; includeInIndex = 0; path = Pods_Bithumb_BithumbUITests.framework; sourceTree = BUILT_PRODUCTS_DIR; };
		CE15410D7F32C1F0DA5436F6 /* Pods-BithumbTests.release.xcconfig */ = {isa = PBXFileReference; includeInIndex = 1; lastKnownFileType = text.xcconfig; name = "Pods-BithumbTests.release.xcconfig"; path = "Target Support Files/Pods-BithumbTests/Pods-BithumbTests.release.xcconfig"; sourceTree = "<group>"; };
		EAB7FEE542EBD52C0D4D875A /* Pods-Bithumb.debug.xcconfig */ = {isa = PBXFileReference; includeInIndex = 1; lastKnownFileType = text.xcconfig; name = "Pods-Bithumb.debug.xcconfig"; path = "Target Support Files/Pods-Bithumb/Pods-Bithumb.debug.xcconfig"; sourceTree = "<group>"; };
/* End PBXFileReference section */

/* Begin PBXFrameworksBuildPhase section */
		48FDCFF5279541E2002F0050 /* Frameworks */ = {
			isa = PBXFrameworksBuildPhase;
			buildActionMask = 2147483647;
			files = (
				F19014D04656742DAD3CEE42 /* Pods_Bithumb.framework in Frameworks */,
			);
			runOnlyForDeploymentPostprocessing = 0;
		};
		48FDD00B279541E4002F0050 /* Frameworks */ = {
			isa = PBXFrameworksBuildPhase;
			buildActionMask = 2147483647;
			files = (
				6C6755D0D77E50E4E4F23A6B /* Pods_BithumbTests.framework in Frameworks */,
			);
			runOnlyForDeploymentPostprocessing = 0;
		};
		48FDD015279541E4002F0050 /* Frameworks */ = {
			isa = PBXFrameworksBuildPhase;
			buildActionMask = 2147483647;
			files = (
				AECFA866C0A5ED5A74EF7698 /* Pods_Bithumb_BithumbUITests.framework in Frameworks */,
			);
			runOnlyForDeploymentPostprocessing = 0;
		};
/* End PBXFrameworksBuildPhase section */

/* Begin PBXGroup section */
		043277A5FA3526FC4A626215 /* Pods */ = {
			isa = PBXGroup;
			children = (
				EAB7FEE542EBD52C0D4D875A /* Pods-Bithumb.debug.xcconfig */,
				4B826CECF0BAC99F29B8B716 /* Pods-Bithumb.release.xcconfig */,
				6C458E072B175DDD2D261FA3 /* Pods-Bithumb-BithumbUITests.debug.xcconfig */,
				114D3A1E134DE0667AC5648F /* Pods-Bithumb-BithumbUITests.release.xcconfig */,
				41725A19228DD05069A43D6B /* Pods-BithumbTests.debug.xcconfig */,
				CE15410D7F32C1F0DA5436F6 /* Pods-BithumbTests.release.xcconfig */,
			);
			path = Pods;
			sourceTree = "<group>";
		};
		48256CD42799715A008F2AD1 /* Components */ = {
			isa = PBXGroup;
			children = (
				B4A8E116279BF11100A2BFCD /* ExchangeSegmentedControl */,
				48256CD52799716C008F2AD1 /* CoinList */,
				48256CD627997179008F2AD1 /* ExchangeSearchBar */,
			);
			path = Components;
			sourceTree = "<group>";
		};
		48256CD52799716C008F2AD1 /* CoinList */ = {
			isa = PBXGroup;
			children = (
				48256CDF2799728C008F2AD1 /* CoinListView.swift */,
				48256CE127997298008F2AD1 /* CoinListViewModel.swift */,
				48256CE3279972AA008F2AD1 /* CoinListViewCell.swift */,
				48C7E8F2279E79E5003C4B25 /* CoinListViewCellData.swift */,
			);
			path = CoinList;
			sourceTree = "<group>";
		};
		48256CD627997179008F2AD1 /* ExchangeSearchBar */ = {
			isa = PBXGroup;
			children = (
				48256CDB27997267008F2AD1 /* ExchangeSearchBar.swift */,
				48256CDD2799727D008F2AD1 /* ExchangeSearchBarViewModel.swift */,
			);
			path = ExchangeSearchBar;
			sourceTree = "<group>";
		};
		48256CE52799730A008F2AD1 /* Network */ = {
			isa = PBXGroup;
			children = (
				489FB623279C43F10078AEE1 /* BithumbNetworkError.swift */,
				48256CE62799732E008F2AD1 /* NetworkManager.swift */,
				489FB61D279BF10B0078AEE1 /* NetworkRequestRouter.swift */,
				48AD306E27A974F000278D7A /* WebSocketManager.swift */,
			);
			path = Network;
			sourceTree = "<group>";
		};
		48256CE827997415008F2AD1 /* Entity */ = {
			isa = PBXGroup;
			children = (
				488F9E7B279BA68E0021A545 /* AllTickerResponse.swift */,
				4882FA6E279D288100A25880 /* Currency.swift */,
				48B60E4B279FBF3B000534EC /* TickerResponse.swift */,
				48A49ECE27A9772000DF5124 /* SocketTickerResponse.swift */,
			);
			path = Entity;
			sourceTree = "<group>";
		};
		4865371E27A6CBDE00BEBBB3 /* SegmentedCategory */ = {
			isa = PBXGroup;
			children = (
				4865371F27A6CC0000BEBBB3 /* SegmentedCategoryViewTests.swift */,
			);
			path = SegmentedCategory;
			sourceTree = "<group>";
		};
		4881F42327979D8B00472C90 /* Resources */ = {
			isa = PBXGroup;
			children = (
				4885375027A38A5300BE00FD /* Coordinators */,
				B4A8E11B279E858500A2BFCD /* Extensions */,
				48FDCFFB279541E2002F0050 /* AppDelegate.swift */,
				48FDCFFD279541E2002F0050 /* SceneDelegate.swift */,
				48FDD004279541E4002F0050 /* Assets.xcassets */,
				48FDD006279541E4002F0050 /* LaunchScreen.storyboard */,
				48FDD009279541E4002F0050 /* Info.plist */,
			);
			path = Resources;
			sourceTree = "<group>";
		};
		4881F42527979DDF00472C90 /* Exchange */ = {
			isa = PBXGroup;
			children = (
				48256CD42799715A008F2AD1 /* Components */,
				4881F42827979E6600472C90 /* ExchangeViewController.swift */,
				48256CD72799722E008F2AD1 /* ExchangeViewModel.swift */,
				48256CD927997246008F2AD1 /* ExchangeUseCase.swift */,
				4885375727A3D1F500BE00FD /* ExchangeCoordinator.swift */,
			);
			path = Exchange;
			sourceTree = "<group>";
		};
		4881F42A2797A07E00472C90 /* ProductService */ = {
			isa = PBXGroup;
			children = (
				4881F42D2797A1C400472C90 /* ProductServiceViewController.swift */,
				4885375927A3D88400BE00FD /* ProductServiceCoordinator.swift */,
			);
			path = ProductService;
			sourceTree = "<group>";
		};
		4881F42B2797A09400472C90 /* CurrentAsset */ = {
			isa = PBXGroup;
			children = (
				4881F42F2797A22200472C90 /* CurrentAssetViewController.swift */,
				4885375B27A3D90E00BE00FD /* CurrentAssetCoordinator.swift */,
			);
			path = CurrentAsset;
			sourceTree = "<group>";
		};
		4881F42C2797A11400472C90 /* Transaction */ = {
			isa = PBXGroup;
			children = (
				4881F4332797A29900472C90 /* TransactionViewController.swift */,
				4885375D27A3D91D00BE00FD /* TransactionCoordinator.swift */,
			);
			path = Transaction;
			sourceTree = "<group>";
		};
		4881F4312797A23A00472C90 /* MoreOption */ = {
			isa = PBXGroup;
			children = (
				4881F4352797A2B800472C90 /* MoreOptionViewController.swift */,
				4885375F27A3D92800BE00FD /* MoreOptionCoordinator.swift */,
			);
			path = MoreOption;
			sourceTree = "<group>";
		};
		4881F4322797A25100472C90 /* TBD */ = {
			isa = PBXGroup;
			children = (
				4881F42A2797A07E00472C90 /* ProductService */,
				4881F42B2797A09400472C90 /* CurrentAsset */,
				4881F42C2797A11400472C90 /* Transaction */,
				4881F4312797A23A00472C90 /* MoreOption */,
			);
			path = TBD;
			sourceTree = "<group>";
		};
		4885375027A38A5300BE00FD /* Coordinators */ = {
			isa = PBXGroup;
			children = (
				4885375327A38EA300BE00FD /* Coordinator.swift */,
				4885375527A3CFF800BE00FD /* AppCoordinator.swift */,
			);
			path = Coordinators;
			sourceTree = "<group>";
		};
		4885376127A40E1C00BE00FD /* CoinDetail */ = {
			isa = PBXGroup;
			children = (
				4885376227A40E3600BE00FD /* CoinDetailViewController.swift */,
				4885376427A40E4000BE00FD /* CoinDetailCoordinator.swift */,
			);
			path = CoinDetail;
			sourceTree = "<group>";
		};
		488F9E7D279BA7BF0021A545 /* Exchange */ = {
			isa = PBXGroup;
			children = (
				488F9E7E279BA7C70021A545 /* Components */,
				48B60E5027A035E4000534EC /* Spy */,
				48B60E5327A036C0000534EC /* ExchangeViewModelTests.swift */,
				48B60E47279F923A000534EC /* ExchangeUseCaseTests.swift */,
			);
			path = Exchange;
			sourceTree = "<group>";
		};
		488F9E7E279BA7C70021A545 /* Components */ = {
			isa = PBXGroup;
			children = (
				4865371E27A6CBDE00BEBBB3 /* SegmentedCategory */,
				488F9E7F279BA7D80021A545 /* ExchangeSearchBar */,
			);
			path = Components;
			sourceTree = "<group>";
		};
		488F9E7F279BA7D80021A545 /* ExchangeSearchBar */ = {
			isa = PBXGroup;
			children = (
				488F9E80279BA8020021A545 /* ExchangeSearchBarViewModelTests.swift */,
			);
			path = ExchangeSearchBar;
			sourceTree = "<group>";
		};
		489FB61F279C29B50078AEE1 /* Network */ = {
			isa = PBXGroup;
			children = (
				489FB621279C29D20078AEE1 /* NetworkManagerTests.swift */,
			);
			path = Network;
			sourceTree = "<group>";
		};
		48B60E5027A035E4000534EC /* Spy */ = {
			isa = PBXGroup;
			children = (
				48B60E5127A035F2000534EC /* ExchangeUseCaseSpy.swift */,
			);
			path = Spy;
			sourceTree = "<group>";
		};
		48FDCFEF279541E2002F0050 = {
			isa = PBXGroup;
			children = (
				48FDCFFA279541E2002F0050 /* Bithumb */,
				48FDD011279541E4002F0050 /* BithumbTests */,
				48FDD01B279541E4002F0050 /* BithumbUITests */,
				48FDCFF9279541E2002F0050 /* Products */,
				043277A5FA3526FC4A626215 /* Pods */,
				5ECF25BAAF858A5881CC3B80 /* Frameworks */,
			);
			sourceTree = "<group>";
		};
		48FDCFF9279541E2002F0050 /* Products */ = {
			isa = PBXGroup;
			children = (
				48FDCFF8279541E2002F0050 /* Bithumb.app */,
				48FDD00E279541E4002F0050 /* BithumbTests.xctest */,
				48FDD018279541E4002F0050 /* BithumbUITests.xctest */,
			);
			name = Products;
			sourceTree = "<group>";
		};
		48FDCFFA279541E2002F0050 /* Bithumb */ = {
			isa = PBXGroup;
			children = (
				4885376127A40E1C00BE00FD /* CoinDetail */,
				4881F42527979DDF00472C90 /* Exchange */,
				48256CE52799730A008F2AD1 /* Network */,
				48256CE827997415008F2AD1 /* Entity */,
				4881F42327979D8B00472C90 /* Resources */,
				4881F4322797A25100472C90 /* TBD */,
			);
			path = Bithumb;
			sourceTree = "<group>";
		};
		48FDD011279541E4002F0050 /* BithumbTests */ = {
			isa = PBXGroup;
			children = (
				489FB61F279C29B50078AEE1 /* Network */,
				488F9E7D279BA7BF0021A545 /* Exchange */,
				48FDD012279541E4002F0050 /* BithumbTests.swift */,
			);
			path = BithumbTests;
			sourceTree = "<group>";
		};
		48FDD01B279541E4002F0050 /* BithumbUITests */ = {
			isa = PBXGroup;
			children = (
				48FDD01C279541E4002F0050 /* BithumbUITests.swift */,
				48FDD01E279541E4002F0050 /* BithumbUITestsLaunchTests.swift */,
			);
			path = BithumbUITests;
			sourceTree = "<group>";
		};
		5ECF25BAAF858A5881CC3B80 /* Frameworks */ = {
			isa = PBXGroup;
			children = (
				57327AFB9F622280BD99C397 /* Pods_Bithumb.framework */,
				C3E678E6A65670DF362AEC9A /* Pods_Bithumb_BithumbUITests.framework */,
				26EF170BEFCCD8D7B5FAADDC /* Pods_BithumbTests.framework */,
			);
			name = Frameworks;
			sourceTree = "<group>";
		};
		B4A8E116279BF11100A2BFCD /* ExchangeSegmentedControl */ = {
			isa = PBXGroup;
			children = (
				B4A8E117279BF15D00A2BFCD /* SegmentedCategoryView.swift */,
				4865371C27A69DB300BEBBB3 /* SegmentedCategoryViewModel.swift */,
			);
			path = ExchangeSegmentedControl;
			sourceTree = "<group>";
		};
		B4A8E11B279E858500A2BFCD /* Extensions */ = {
			isa = PBXGroup;
			children = (
				B4A8E119279D286200A2BFCD /* UISegmentedControl + Ext.swift */,
				C3D0EF4127A1902000A5E4BE /* String + Ext.swift */,
				B4A8E114279AD60B00A2BFCD /* UIColor + Ext.swift */,
			);
			path = Extensions;
			sourceTree = "<group>";
		};
/* End PBXGroup section */

/* Begin PBXNativeTarget section */
		48FDCFF7279541E2002F0050 /* Bithumb */ = {
			isa = PBXNativeTarget;
			buildConfigurationList = 48FDD022279541E4002F0050 /* Build configuration list for PBXNativeTarget "Bithumb" */;
			buildPhases = (
				FC9A46994529C1A29C52F659 /* [CP] Check Pods Manifest.lock */,
				48FDCFF4279541E2002F0050 /* Sources */,
				48FDCFF5279541E2002F0050 /* Frameworks */,
				48FDCFF6279541E2002F0050 /* Resources */,
				6805D086DA470C62B7B7827C /* [CP] Embed Pods Frameworks */,
			);
			buildRules = (
			);
			dependencies = (
			);
			name = Bithumb;
			packageProductDependencies = (
			);
			productName = Bithumb;
			productReference = 48FDCFF8279541E2002F0050 /* Bithumb.app */;
			productType = "com.apple.product-type.application";
		};
		48FDD00D279541E4002F0050 /* BithumbTests */ = {
			isa = PBXNativeTarget;
			buildConfigurationList = 48FDD025279541E4002F0050 /* Build configuration list for PBXNativeTarget "BithumbTests" */;
			buildPhases = (
				9D4CF2E71FCDD62F6A84EB20 /* [CP] Check Pods Manifest.lock */,
				48FDD00A279541E4002F0050 /* Sources */,
				48FDD00B279541E4002F0050 /* Frameworks */,
				48FDD00C279541E4002F0050 /* Resources */,
				93075120C7367D652F85DFB8 /* [CP] Embed Pods Frameworks */,
			);
			buildRules = (
			);
			dependencies = (
				48FDD010279541E4002F0050 /* PBXTargetDependency */,
			);
			name = BithumbTests;
			productName = BithumbTests;
			productReference = 48FDD00E279541E4002F0050 /* BithumbTests.xctest */;
			productType = "com.apple.product-type.bundle.unit-test";
		};
		48FDD017279541E4002F0050 /* BithumbUITests */ = {
			isa = PBXNativeTarget;
			buildConfigurationList = 48FDD028279541E4002F0050 /* Build configuration list for PBXNativeTarget "BithumbUITests" */;
			buildPhases = (
				0B9C6E5400BF5D2ADBA22ED8 /* [CP] Check Pods Manifest.lock */,
				48FDD014279541E4002F0050 /* Sources */,
				48FDD015279541E4002F0050 /* Frameworks */,
				48FDD016279541E4002F0050 /* Resources */,
				479E90F3FED93D0FCA21019D /* [CP] Embed Pods Frameworks */,
			);
			buildRules = (
			);
			dependencies = (
				48FDD01A279541E4002F0050 /* PBXTargetDependency */,
			);
			name = BithumbUITests;
			productName = BithumbUITests;
			productReference = 48FDD018279541E4002F0050 /* BithumbUITests.xctest */;
			productType = "com.apple.product-type.bundle.ui-testing";
		};
/* End PBXNativeTarget section */

/* Begin PBXProject section */
		48FDCFF0279541E2002F0050 /* Project object */ = {
			isa = PBXProject;
			attributes = {
				BuildIndependentTargetsInParallel = 1;
				LastSwiftUpdateCheck = 1310;
				LastUpgradeCheck = 1310;
				TargetAttributes = {
					48FDCFF7279541E2002F0050 = {
						CreatedOnToolsVersion = 13.1;
					};
					48FDD00D279541E4002F0050 = {
						CreatedOnToolsVersion = 13.1;
						TestTargetID = 48FDCFF7279541E2002F0050;
					};
					48FDD017279541E4002F0050 = {
						CreatedOnToolsVersion = 13.1;
						TestTargetID = 48FDCFF7279541E2002F0050;
					};
				};
			};
			buildConfigurationList = 48FDCFF3279541E2002F0050 /* Build configuration list for PBXProject "Bithumb" */;
			compatibilityVersion = "Xcode 13.0";
			developmentRegion = en;
			hasScannedForEncodings = 0;
			knownRegions = (
				en,
				Base,
			);
			mainGroup = 48FDCFEF279541E2002F0050;
			packageReferences = (
			);
			productRefGroup = 48FDCFF9279541E2002F0050 /* Products */;
			projectDirPath = "";
			projectRoot = "";
			targets = (
				48FDCFF7279541E2002F0050 /* Bithumb */,
				48FDD00D279541E4002F0050 /* BithumbTests */,
				48FDD017279541E4002F0050 /* BithumbUITests */,
			);
		};
/* End PBXProject section */

/* Begin PBXResourcesBuildPhase section */
		48FDCFF6279541E2002F0050 /* Resources */ = {
			isa = PBXResourcesBuildPhase;
			buildActionMask = 2147483647;
			files = (
				48FDD008279541E4002F0050 /* LaunchScreen.storyboard in Resources */,
				48FDD005279541E4002F0050 /* Assets.xcassets in Resources */,
			);
			runOnlyForDeploymentPostprocessing = 0;
		};
		48FDD00C279541E4002F0050 /* Resources */ = {
			isa = PBXResourcesBuildPhase;
			buildActionMask = 2147483647;
			files = (
			);
			runOnlyForDeploymentPostprocessing = 0;
		};
		48FDD016279541E4002F0050 /* Resources */ = {
			isa = PBXResourcesBuildPhase;
			buildActionMask = 2147483647;
			files = (
			);
			runOnlyForDeploymentPostprocessing = 0;
		};
/* End PBXResourcesBuildPhase section */

/* Begin PBXShellScriptBuildPhase section */
		0B9C6E5400BF5D2ADBA22ED8 /* [CP] Check Pods Manifest.lock */ = {
			isa = PBXShellScriptBuildPhase;
			buildActionMask = 2147483647;
			files = (
			);
			inputFileListPaths = (
			);
			inputPaths = (
				"${PODS_PODFILE_DIR_PATH}/Podfile.lock",
				"${PODS_ROOT}/Manifest.lock",
			);
			name = "[CP] Check Pods Manifest.lock";
			outputFileListPaths = (
			);
			outputPaths = (
				"$(DERIVED_FILE_DIR)/Pods-Bithumb-BithumbUITests-checkManifestLockResult.txt",
			);
			runOnlyForDeploymentPostprocessing = 0;
			shellPath = /bin/sh;
			shellScript = "diff \"${PODS_PODFILE_DIR_PATH}/Podfile.lock\" \"${PODS_ROOT}/Manifest.lock\" > /dev/null\nif [ $? != 0 ] ; then\n    # print error to STDERR\n    echo \"error: The sandbox is not in sync with the Podfile.lock. Run 'pod install' or update your CocoaPods installation.\" >&2\n    exit 1\nfi\n# This output is used by Xcode 'outputs' to avoid re-running this script phase.\necho \"SUCCESS\" > \"${SCRIPT_OUTPUT_FILE_0}\"\n";
			showEnvVarsInLog = 0;
		};
		479E90F3FED93D0FCA21019D /* [CP] Embed Pods Frameworks */ = {
			isa = PBXShellScriptBuildPhase;
			buildActionMask = 2147483647;
			files = (
			);
			inputFileListPaths = (
				"${PODS_ROOT}/Target Support Files/Pods-Bithumb-BithumbUITests/Pods-Bithumb-BithumbUITests-frameworks-${CONFIGURATION}-input-files.xcfilelist",
			);
			name = "[CP] Embed Pods Frameworks";
			outputFileListPaths = (
				"${PODS_ROOT}/Target Support Files/Pods-Bithumb-BithumbUITests/Pods-Bithumb-BithumbUITests-frameworks-${CONFIGURATION}-output-files.xcfilelist",
			);
			runOnlyForDeploymentPostprocessing = 0;
			shellPath = /bin/sh;
			shellScript = "\"${PODS_ROOT}/Target Support Files/Pods-Bithumb-BithumbUITests/Pods-Bithumb-BithumbUITests-frameworks.sh\"\n";
			showEnvVarsInLog = 0;
		};
		6805D086DA470C62B7B7827C /* [CP] Embed Pods Frameworks */ = {
			isa = PBXShellScriptBuildPhase;
			buildActionMask = 2147483647;
			files = (
			);
			inputFileListPaths = (
				"${PODS_ROOT}/Target Support Files/Pods-Bithumb/Pods-Bithumb-frameworks-${CONFIGURATION}-input-files.xcfilelist",
			);
			name = "[CP] Embed Pods Frameworks";
			outputFileListPaths = (
				"${PODS_ROOT}/Target Support Files/Pods-Bithumb/Pods-Bithumb-frameworks-${CONFIGURATION}-output-files.xcfilelist",
			);
			runOnlyForDeploymentPostprocessing = 0;
			shellPath = /bin/sh;
			shellScript = "\"${PODS_ROOT}/Target Support Files/Pods-Bithumb/Pods-Bithumb-frameworks.sh\"\n";
			showEnvVarsInLog = 0;
		};
		93075120C7367D652F85DFB8 /* [CP] Embed Pods Frameworks */ = {
			isa = PBXShellScriptBuildPhase;
			buildActionMask = 2147483647;
			files = (
			);
			inputFileListPaths = (
				"${PODS_ROOT}/Target Support Files/Pods-BithumbTests/Pods-BithumbTests-frameworks-${CONFIGURATION}-input-files.xcfilelist",
			);
			name = "[CP] Embed Pods Frameworks";
			outputFileListPaths = (
				"${PODS_ROOT}/Target Support Files/Pods-BithumbTests/Pods-BithumbTests-frameworks-${CONFIGURATION}-output-files.xcfilelist",
			);
			runOnlyForDeploymentPostprocessing = 0;
			shellPath = /bin/sh;
			shellScript = "\"${PODS_ROOT}/Target Support Files/Pods-BithumbTests/Pods-BithumbTests-frameworks.sh\"\n";
			showEnvVarsInLog = 0;
		};
		9D4CF2E71FCDD62F6A84EB20 /* [CP] Check Pods Manifest.lock */ = {
			isa = PBXShellScriptBuildPhase;
			buildActionMask = 2147483647;
			files = (
			);
			inputFileListPaths = (
			);
			inputPaths = (
				"${PODS_PODFILE_DIR_PATH}/Podfile.lock",
				"${PODS_ROOT}/Manifest.lock",
			);
			name = "[CP] Check Pods Manifest.lock";
			outputFileListPaths = (
			);
			outputPaths = (
				"$(DERIVED_FILE_DIR)/Pods-BithumbTests-checkManifestLockResult.txt",
			);
			runOnlyForDeploymentPostprocessing = 0;
			shellPath = /bin/sh;
			shellScript = "diff \"${PODS_PODFILE_DIR_PATH}/Podfile.lock\" \"${PODS_ROOT}/Manifest.lock\" > /dev/null\nif [ $? != 0 ] ; then\n    # print error to STDERR\n    echo \"error: The sandbox is not in sync with the Podfile.lock. Run 'pod install' or update your CocoaPods installation.\" >&2\n    exit 1\nfi\n# This output is used by Xcode 'outputs' to avoid re-running this script phase.\necho \"SUCCESS\" > \"${SCRIPT_OUTPUT_FILE_0}\"\n";
			showEnvVarsInLog = 0;
		};
		FC9A46994529C1A29C52F659 /* [CP] Check Pods Manifest.lock */ = {
			isa = PBXShellScriptBuildPhase;
			buildActionMask = 2147483647;
			files = (
			);
			inputFileListPaths = (
			);
			inputPaths = (
				"${PODS_PODFILE_DIR_PATH}/Podfile.lock",
				"${PODS_ROOT}/Manifest.lock",
			);
			name = "[CP] Check Pods Manifest.lock";
			outputFileListPaths = (
			);
			outputPaths = (
				"$(DERIVED_FILE_DIR)/Pods-Bithumb-checkManifestLockResult.txt",
			);
			runOnlyForDeploymentPostprocessing = 0;
			shellPath = /bin/sh;
			shellScript = "diff \"${PODS_PODFILE_DIR_PATH}/Podfile.lock\" \"${PODS_ROOT}/Manifest.lock\" > /dev/null\nif [ $? != 0 ] ; then\n    # print error to STDERR\n    echo \"error: The sandbox is not in sync with the Podfile.lock. Run 'pod install' or update your CocoaPods installation.\" >&2\n    exit 1\nfi\n# This output is used by Xcode 'outputs' to avoid re-running this script phase.\necho \"SUCCESS\" > \"${SCRIPT_OUTPUT_FILE_0}\"\n";
			showEnvVarsInLog = 0;
		};
/* End PBXShellScriptBuildPhase section */

/* Begin PBXSourcesBuildPhase section */
		48FDCFF4279541E2002F0050 /* Sources */ = {
			isa = PBXSourcesBuildPhase;
			buildActionMask = 2147483647;
			files = (
				48256CDA27997246008F2AD1 /* ExchangeUseCase.swift in Sources */,
				4885375E27A3D91D00BE00FD /* TransactionCoordinator.swift in Sources */,
				4885376027A3D92800BE00FD /* MoreOptionCoordinator.swift in Sources */,
				48256CE4279972AA008F2AD1 /* CoinListViewCell.swift in Sources */,
				489FB61E279BF10B0078AEE1 /* NetworkRequestRouter.swift in Sources */,
				B4A8E115279AD60B00A2BFCD /* UIColor + Ext.swift in Sources */,
				48C7E8F3279E79E5003C4B25 /* CoinListViewCellData.swift in Sources */,
				4885376527A40E4000BE00FD /* CoinDetailCoordinator.swift in Sources */,
				48256CDE2799727D008F2AD1 /* ExchangeSearchBarViewModel.swift in Sources */,
				48256CE72799732E008F2AD1 /* NetworkManager.swift in Sources */,
				4885375427A38EA300BE00FD /* Coordinator.swift in Sources */,
				4865371D27A69DB300BEBBB3 /* SegmentedCategoryViewModel.swift in Sources */,
				4885375C27A3D90E00BE00FD /* CurrentAssetCoordinator.swift in Sources */,
				48256CD82799722E008F2AD1 /* ExchangeViewModel.swift in Sources */,
				48A49ECF27A9772000DF5124 /* SocketTickerResponse.swift in Sources */,
				48256CE02799728C008F2AD1 /* CoinListView.swift in Sources */,
				489FB624279C43F10078AEE1 /* BithumbNetworkError.swift in Sources */,
				4881F4342797A29900472C90 /* TransactionViewController.swift in Sources */,
				4881F42927979E6600472C90 /* ExchangeViewController.swift in Sources */,
				48FDCFFC279541E2002F0050 /* AppDelegate.swift in Sources */,
				4885375A27A3D88400BE00FD /* ProductServiceCoordinator.swift in Sources */,
				C3D0EF4227A1902100A5E4BE /* String + Ext.swift in Sources */,
				4881F42E2797A1C400472C90 /* ProductServiceViewController.swift in Sources */,
				4882FA6F279D288100A25880 /* Currency.swift in Sources */,
				48B60E4C279FBF3B000534EC /* TickerResponse.swift in Sources */,
				4881F4362797A2B800472C90 /* MoreOptionViewController.swift in Sources */,
				4885375627A3CFF800BE00FD /* AppCoordinator.swift in Sources */,
				4885376327A40E3600BE00FD /* CoinDetailViewController.swift in Sources */,
				4881F4302797A22200472C90 /* CurrentAssetViewController.swift in Sources */,
				48FDCFFE279541E2002F0050 /* SceneDelegate.swift in Sources */,
				4885375827A3D1F500BE00FD /* ExchangeCoordinator.swift in Sources */,
				48256CDC27997267008F2AD1 /* ExchangeSearchBar.swift in Sources */,
				488F9E7C279BA68F0021A545 /* AllTickerResponse.swift in Sources */,
				B4A8E11A279D286200A2BFCD /* UISegmentedControl + Ext.swift in Sources */,
				B4A8E118279BF15D00A2BFCD /* SegmentedCategoryView.swift in Sources */,
				48AD306F27A974F100278D7A /* WebSocketManager.swift in Sources */,
				48256CE227997298008F2AD1 /* CoinListViewModel.swift in Sources */,
			);
			runOnlyForDeploymentPostprocessing = 0;
		};
		48FDD00A279541E4002F0050 /* Sources */ = {
			isa = PBXSourcesBuildPhase;
			buildActionMask = 2147483647;
			files = (
				48B60E48279F923A000534EC /* ExchangeUseCaseTests.swift in Sources */,
				489FB622279C29D20078AEE1 /* NetworkManagerTests.swift in Sources */,
				4865372027A6CC0000BEBBB3 /* SegmentedCategoryViewTests.swift in Sources */,
				488F9E81279BA8020021A545 /* ExchangeSearchBarViewModelTests.swift in Sources */,
				48B60E5227A035F2000534EC /* ExchangeUseCaseSpy.swift in Sources */,
				48FDD013279541E4002F0050 /* BithumbTests.swift in Sources */,
				48B60E5427A036C0000534EC /* ExchangeViewModelTests.swift in Sources */,
			);
			runOnlyForDeploymentPostprocessing = 0;
		};
		48FDD014279541E4002F0050 /* Sources */ = {
			isa = PBXSourcesBuildPhase;
			buildActionMask = 2147483647;
			files = (
				48FDD01F279541E4002F0050 /* BithumbUITestsLaunchTests.swift in Sources */,
				48FDD01D279541E4002F0050 /* BithumbUITests.swift in Sources */,
			);
			runOnlyForDeploymentPostprocessing = 0;
		};
/* End PBXSourcesBuildPhase section */

/* Begin PBXTargetDependency section */
		48FDD010279541E4002F0050 /* PBXTargetDependency */ = {
			isa = PBXTargetDependency;
			target = 48FDCFF7279541E2002F0050 /* Bithumb */;
			targetProxy = 48FDD00F279541E4002F0050 /* PBXContainerItemProxy */;
		};
		48FDD01A279541E4002F0050 /* PBXTargetDependency */ = {
			isa = PBXTargetDependency;
			target = 48FDCFF7279541E2002F0050 /* Bithumb */;
			targetProxy = 48FDD019279541E4002F0050 /* PBXContainerItemProxy */;
		};
/* End PBXTargetDependency section */

/* Begin PBXVariantGroup section */
		48FDD006279541E4002F0050 /* LaunchScreen.storyboard */ = {
			isa = PBXVariantGroup;
			children = (
				48FDD007279541E4002F0050 /* Base */,
			);
			name = LaunchScreen.storyboard;
			sourceTree = "<group>";
		};
/* End PBXVariantGroup section */

/* Begin XCBuildConfiguration section */
		48FDD020279541E4002F0050 /* Debug */ = {
			isa = XCBuildConfiguration;
			buildSettings = {
				ALWAYS_SEARCH_USER_PATHS = NO;
				CLANG_ANALYZER_NONNULL = YES;
				CLANG_ANALYZER_NUMBER_OBJECT_CONVERSION = YES_AGGRESSIVE;
				CLANG_CXX_LANGUAGE_STANDARD = "gnu++17";
				CLANG_CXX_LIBRARY = "libc++";
				CLANG_ENABLE_MODULES = YES;
				CLANG_ENABLE_OBJC_ARC = YES;
				CLANG_ENABLE_OBJC_WEAK = YES;
				CLANG_WARN_BLOCK_CAPTURE_AUTORELEASING = YES;
				CLANG_WARN_BOOL_CONVERSION = YES;
				CLANG_WARN_COMMA = YES;
				CLANG_WARN_CONSTANT_CONVERSION = YES;
				CLANG_WARN_DEPRECATED_OBJC_IMPLEMENTATIONS = YES;
				CLANG_WARN_DIRECT_OBJC_ISA_USAGE = YES_ERROR;
				CLANG_WARN_DOCUMENTATION_COMMENTS = YES;
				CLANG_WARN_EMPTY_BODY = YES;
				CLANG_WARN_ENUM_CONVERSION = YES;
				CLANG_WARN_INFINITE_RECURSION = YES;
				CLANG_WARN_INT_CONVERSION = YES;
				CLANG_WARN_NON_LITERAL_NULL_CONVERSION = YES;
				CLANG_WARN_OBJC_IMPLICIT_RETAIN_SELF = YES;
				CLANG_WARN_OBJC_LITERAL_CONVERSION = YES;
				CLANG_WARN_OBJC_ROOT_CLASS = YES_ERROR;
				CLANG_WARN_QUOTED_INCLUDE_IN_FRAMEWORK_HEADER = YES;
				CLANG_WARN_RANGE_LOOP_ANALYSIS = YES;
				CLANG_WARN_STRICT_PROTOTYPES = YES;
				CLANG_WARN_SUSPICIOUS_MOVE = YES;
				CLANG_WARN_UNGUARDED_AVAILABILITY = YES_AGGRESSIVE;
				CLANG_WARN_UNREACHABLE_CODE = YES;
				CLANG_WARN__DUPLICATE_METHOD_MATCH = YES;
				COPY_PHASE_STRIP = NO;
				DEBUG_INFORMATION_FORMAT = dwarf;
				ENABLE_STRICT_OBJC_MSGSEND = YES;
				ENABLE_TESTABILITY = YES;
				GCC_C_LANGUAGE_STANDARD = gnu11;
				GCC_DYNAMIC_NO_PIC = NO;
				GCC_NO_COMMON_BLOCKS = YES;
				GCC_OPTIMIZATION_LEVEL = 0;
				GCC_PREPROCESSOR_DEFINITIONS = (
					"DEBUG=1",
					"$(inherited)",
				);
				GCC_WARN_64_TO_32_BIT_CONVERSION = YES;
				GCC_WARN_ABOUT_RETURN_TYPE = YES_ERROR;
				GCC_WARN_UNDECLARED_SELECTOR = YES;
				GCC_WARN_UNINITIALIZED_AUTOS = YES_AGGRESSIVE;
				GCC_WARN_UNUSED_FUNCTION = YES;
				GCC_WARN_UNUSED_VARIABLE = YES;
				IPHONEOS_DEPLOYMENT_TARGET = 13.0;
				MTL_ENABLE_DEBUG_INFO = INCLUDE_SOURCE;
				MTL_FAST_MATH = YES;
				ONLY_ACTIVE_ARCH = YES;
				SDKROOT = iphoneos;
				SWIFT_ACTIVE_COMPILATION_CONDITIONS = DEBUG;
				SWIFT_OPTIMIZATION_LEVEL = "-Onone";
			};
			name = Debug;
		};
		48FDD021279541E4002F0050 /* Release */ = {
			isa = XCBuildConfiguration;
			buildSettings = {
				ALWAYS_SEARCH_USER_PATHS = NO;
				CLANG_ANALYZER_NONNULL = YES;
				CLANG_ANALYZER_NUMBER_OBJECT_CONVERSION = YES_AGGRESSIVE;
				CLANG_CXX_LANGUAGE_STANDARD = "gnu++17";
				CLANG_CXX_LIBRARY = "libc++";
				CLANG_ENABLE_MODULES = YES;
				CLANG_ENABLE_OBJC_ARC = YES;
				CLANG_ENABLE_OBJC_WEAK = YES;
				CLANG_WARN_BLOCK_CAPTURE_AUTORELEASING = YES;
				CLANG_WARN_BOOL_CONVERSION = YES;
				CLANG_WARN_COMMA = YES;
				CLANG_WARN_CONSTANT_CONVERSION = YES;
				CLANG_WARN_DEPRECATED_OBJC_IMPLEMENTATIONS = YES;
				CLANG_WARN_DIRECT_OBJC_ISA_USAGE = YES_ERROR;
				CLANG_WARN_DOCUMENTATION_COMMENTS = YES;
				CLANG_WARN_EMPTY_BODY = YES;
				CLANG_WARN_ENUM_CONVERSION = YES;
				CLANG_WARN_INFINITE_RECURSION = YES;
				CLANG_WARN_INT_CONVERSION = YES;
				CLANG_WARN_NON_LITERAL_NULL_CONVERSION = YES;
				CLANG_WARN_OBJC_IMPLICIT_RETAIN_SELF = YES;
				CLANG_WARN_OBJC_LITERAL_CONVERSION = YES;
				CLANG_WARN_OBJC_ROOT_CLASS = YES_ERROR;
				CLANG_WARN_QUOTED_INCLUDE_IN_FRAMEWORK_HEADER = YES;
				CLANG_WARN_RANGE_LOOP_ANALYSIS = YES;
				CLANG_WARN_STRICT_PROTOTYPES = YES;
				CLANG_WARN_SUSPICIOUS_MOVE = YES;
				CLANG_WARN_UNGUARDED_AVAILABILITY = YES_AGGRESSIVE;
				CLANG_WARN_UNREACHABLE_CODE = YES;
				CLANG_WARN__DUPLICATE_METHOD_MATCH = YES;
				COPY_PHASE_STRIP = NO;
				DEBUG_INFORMATION_FORMAT = "dwarf-with-dsym";
				ENABLE_NS_ASSERTIONS = NO;
				ENABLE_STRICT_OBJC_MSGSEND = YES;
				GCC_C_LANGUAGE_STANDARD = gnu11;
				GCC_NO_COMMON_BLOCKS = YES;
				GCC_WARN_64_TO_32_BIT_CONVERSION = YES;
				GCC_WARN_ABOUT_RETURN_TYPE = YES_ERROR;
				GCC_WARN_UNDECLARED_SELECTOR = YES;
				GCC_WARN_UNINITIALIZED_AUTOS = YES_AGGRESSIVE;
				GCC_WARN_UNUSED_FUNCTION = YES;
				GCC_WARN_UNUSED_VARIABLE = YES;
				IPHONEOS_DEPLOYMENT_TARGET = 13.0;
				MTL_ENABLE_DEBUG_INFO = NO;
				MTL_FAST_MATH = YES;
				SDKROOT = iphoneos;
				SWIFT_COMPILATION_MODE = wholemodule;
				SWIFT_OPTIMIZATION_LEVEL = "-O";
				VALIDATE_PRODUCT = YES;
			};
			name = Release;
		};
		48FDD023279541E4002F0050 /* Debug */ = {
			isa = XCBuildConfiguration;
			baseConfigurationReference = EAB7FEE542EBD52C0D4D875A /* Pods-Bithumb.debug.xcconfig */;
			buildSettings = {
				ASSETCATALOG_COMPILER_APPICON_NAME = AppIcon;
				ASSETCATALOG_COMPILER_GLOBAL_ACCENT_COLOR_NAME = AccentColor;
				CODE_SIGN_STYLE = Automatic;
				CURRENT_PROJECT_VERSION = 1;
				DEVELOPMENT_TEAM = 6F4MJTG4AU;
				GENERATE_INFOPLIST_FILE = YES;
				INFOPLIST_FILE = Bithumb/Resources/Info.plist;
				INFOPLIST_KEY_UIApplicationSupportsIndirectInputEvents = YES;
				INFOPLIST_KEY_UILaunchStoryboardName = LaunchScreen;
				INFOPLIST_KEY_UISupportedInterfaceOrientations_iPad = "UIInterfaceOrientationPortrait UIInterfaceOrientationPortraitUpsideDown UIInterfaceOrientationLandscapeLeft UIInterfaceOrientationLandscapeRight";
				INFOPLIST_KEY_UISupportedInterfaceOrientations_iPhone = "UIInterfaceOrientationPortrait UIInterfaceOrientationLandscapeLeft UIInterfaceOrientationLandscapeRight";
				LD_RUNPATH_SEARCH_PATHS = (
					"$(inherited)",
					"@executable_path/Frameworks",
				);
				MARKETING_VERSION = 1.0;
				PRODUCT_BUNDLE_IDENTIFIER = jayb.Bithumb;
				PRODUCT_NAME = "$(TARGET_NAME)";
				SWIFT_EMIT_LOC_STRINGS = YES;
				SWIFT_VERSION = 5.0;
				TARGETED_DEVICE_FAMILY = "1,2";
			};
			name = Debug;
		};
		48FDD024279541E4002F0050 /* Release */ = {
			isa = XCBuildConfiguration;
			baseConfigurationReference = 4B826CECF0BAC99F29B8B716 /* Pods-Bithumb.release.xcconfig */;
			buildSettings = {
				ASSETCATALOG_COMPILER_APPICON_NAME = AppIcon;
				ASSETCATALOG_COMPILER_GLOBAL_ACCENT_COLOR_NAME = AccentColor;
				CODE_SIGN_STYLE = Automatic;
				CURRENT_PROJECT_VERSION = 1;
				DEVELOPMENT_TEAM = 6F4MJTG4AU;
				GENERATE_INFOPLIST_FILE = YES;
				INFOPLIST_FILE = Bithumb/Resources/Info.plist;
				INFOPLIST_KEY_UIApplicationSupportsIndirectInputEvents = YES;
				INFOPLIST_KEY_UILaunchStoryboardName = LaunchScreen;
				INFOPLIST_KEY_UISupportedInterfaceOrientations_iPad = "UIInterfaceOrientationPortrait UIInterfaceOrientationPortraitUpsideDown UIInterfaceOrientationLandscapeLeft UIInterfaceOrientationLandscapeRight";
				INFOPLIST_KEY_UISupportedInterfaceOrientations_iPhone = "UIInterfaceOrientationPortrait UIInterfaceOrientationLandscapeLeft UIInterfaceOrientationLandscapeRight";
				LD_RUNPATH_SEARCH_PATHS = (
					"$(inherited)",
					"@executable_path/Frameworks",
				);
				MARKETING_VERSION = 1.0;
				PRODUCT_BUNDLE_IDENTIFIER = jayb.Bithumb;
				PRODUCT_NAME = "$(TARGET_NAME)";
				SWIFT_EMIT_LOC_STRINGS = YES;
				SWIFT_VERSION = 5.0;
				TARGETED_DEVICE_FAMILY = "1,2";
			};
			name = Release;
		};
		48FDD026279541E4002F0050 /* Debug */ = {
			isa = XCBuildConfiguration;
			baseConfigurationReference = 41725A19228DD05069A43D6B /* Pods-BithumbTests.debug.xcconfig */;
			buildSettings = {
				ALWAYS_EMBED_SWIFT_STANDARD_LIBRARIES = YES;
				BUNDLE_LOADER = "$(TEST_HOST)";
				CODE_SIGN_STYLE = Automatic;
				CURRENT_PROJECT_VERSION = 1;
				DEVELOPMENT_TEAM = 6F4MJTG4AU;
				GENERATE_INFOPLIST_FILE = YES;
				IPHONEOS_DEPLOYMENT_TARGET = 15.0;
				LD_RUNPATH_SEARCH_PATHS = (
					"$(inherited)",
					"@executable_path/Frameworks",
					"@loader_path/Frameworks",
				);
				MARKETING_VERSION = 1.0;
				PRODUCT_BUNDLE_IDENTIFIER = jayb.BithumbTests;
				PRODUCT_NAME = "$(TARGET_NAME)";
				SWIFT_EMIT_LOC_STRINGS = NO;
				SWIFT_VERSION = 5.0;
				TARGETED_DEVICE_FAMILY = "1,2";
				TEST_HOST = "$(BUILT_PRODUCTS_DIR)/Bithumb.app/Bithumb";
			};
			name = Debug;
		};
		48FDD027279541E4002F0050 /* Release */ = {
			isa = XCBuildConfiguration;
			baseConfigurationReference = CE15410D7F32C1F0DA5436F6 /* Pods-BithumbTests.release.xcconfig */;
			buildSettings = {
				ALWAYS_EMBED_SWIFT_STANDARD_LIBRARIES = YES;
				BUNDLE_LOADER = "$(TEST_HOST)";
				CODE_SIGN_STYLE = Automatic;
				CURRENT_PROJECT_VERSION = 1;
				DEVELOPMENT_TEAM = 6F4MJTG4AU;
				GENERATE_INFOPLIST_FILE = YES;
				IPHONEOS_DEPLOYMENT_TARGET = 15.0;
				LD_RUNPATH_SEARCH_PATHS = (
					"$(inherited)",
					"@executable_path/Frameworks",
					"@loader_path/Frameworks",
				);
				MARKETING_VERSION = 1.0;
				PRODUCT_BUNDLE_IDENTIFIER = jayb.BithumbTests;
				PRODUCT_NAME = "$(TARGET_NAME)";
				SWIFT_EMIT_LOC_STRINGS = NO;
				SWIFT_VERSION = 5.0;
				TARGETED_DEVICE_FAMILY = "1,2";
				TEST_HOST = "$(BUILT_PRODUCTS_DIR)/Bithumb.app/Bithumb";
			};
			name = Release;
		};
		48FDD029279541E4002F0050 /* Debug */ = {
			isa = XCBuildConfiguration;
			baseConfigurationReference = 6C458E072B175DDD2D261FA3 /* Pods-Bithumb-BithumbUITests.debug.xcconfig */;
			buildSettings = {
				ALWAYS_EMBED_SWIFT_STANDARD_LIBRARIES = YES;
				CODE_SIGN_STYLE = Automatic;
				CURRENT_PROJECT_VERSION = 1;
				DEVELOPMENT_TEAM = 6F4MJTG4AU;
				GENERATE_INFOPLIST_FILE = YES;
				LD_RUNPATH_SEARCH_PATHS = (
					"$(inherited)",
					"@executable_path/Frameworks",
					"@loader_path/Frameworks",
				);
				MARKETING_VERSION = 1.0;
				PRODUCT_BUNDLE_IDENTIFIER = jayb.BithumbUITests;
				PRODUCT_NAME = "$(TARGET_NAME)";
				SWIFT_EMIT_LOC_STRINGS = NO;
				SWIFT_VERSION = 5.0;
				TARGETED_DEVICE_FAMILY = "1,2";
				TEST_TARGET_NAME = Bithumb;
			};
			name = Debug;
		};
		48FDD02A279541E4002F0050 /* Release */ = {
			isa = XCBuildConfiguration;
			baseConfigurationReference = 114D3A1E134DE0667AC5648F /* Pods-Bithumb-BithumbUITests.release.xcconfig */;
			buildSettings = {
				ALWAYS_EMBED_SWIFT_STANDARD_LIBRARIES = YES;
				CODE_SIGN_STYLE = Automatic;
				CURRENT_PROJECT_VERSION = 1;
				DEVELOPMENT_TEAM = 6F4MJTG4AU;
				GENERATE_INFOPLIST_FILE = YES;
				LD_RUNPATH_SEARCH_PATHS = (
					"$(inherited)",
					"@executable_path/Frameworks",
					"@loader_path/Frameworks",
				);
				MARKETING_VERSION = 1.0;
				PRODUCT_BUNDLE_IDENTIFIER = jayb.BithumbUITests;
				PRODUCT_NAME = "$(TARGET_NAME)";
				SWIFT_EMIT_LOC_STRINGS = NO;
				SWIFT_VERSION = 5.0;
				TARGETED_DEVICE_FAMILY = "1,2";
				TEST_TARGET_NAME = Bithumb;
			};
			name = Release;
		};
/* End XCBuildConfiguration section */

/* Begin XCConfigurationList section */
		48FDCFF3279541E2002F0050 /* Build configuration list for PBXProject "Bithumb" */ = {
			isa = XCConfigurationList;
			buildConfigurations = (
				48FDD020279541E4002F0050 /* Debug */,
				48FDD021279541E4002F0050 /* Release */,
			);
			defaultConfigurationIsVisible = 0;
			defaultConfigurationName = Release;
		};
		48FDD022279541E4002F0050 /* Build configuration list for PBXNativeTarget "Bithumb" */ = {
			isa = XCConfigurationList;
			buildConfigurations = (
				48FDD023279541E4002F0050 /* Debug */,
				48FDD024279541E4002F0050 /* Release */,
			);
			defaultConfigurationIsVisible = 0;
			defaultConfigurationName = Release;
		};
		48FDD025279541E4002F0050 /* Build configuration list for PBXNativeTarget "BithumbTests" */ = {
			isa = XCConfigurationList;
			buildConfigurations = (
				48FDD026279541E4002F0050 /* Debug */,
				48FDD027279541E4002F0050 /* Release */,
			);
			defaultConfigurationIsVisible = 0;
			defaultConfigurationName = Release;
		};
		48FDD028279541E4002F0050 /* Build configuration list for PBXNativeTarget "BithumbUITests" */ = {
			isa = XCConfigurationList;
			buildConfigurations = (
				48FDD029279541E4002F0050 /* Debug */,
				48FDD02A279541E4002F0050 /* Release */,
			);
			defaultConfigurationIsVisible = 0;
			defaultConfigurationName = Release;
		};
/* End XCConfigurationList section */
	};
	rootObject = 48FDCFF0279541E2002F0050 /* Project object */;
}
